
Microsoft Visual Studio Solution File, Format Version 12.00
# Visual Studio Version 17
VisualStudioVersion = 17.5.002.0
MinimumVisualStudioVersion = 10.0.40219.1
Project("{9A19103F-16F7-4668-BE54-9A1E7A4F7556}") = "FileAnalyzerAPI", "FileAnalyzerAPI\FileAnalyzerAPI.csproj", "{C33E1C1B-66D3-4E90-91D8-6F27E3A06730}"
EndProject
Global
	GlobalSection(SolutionConfigurationPlatforms) = preSolution
		Debug|Any CPU = Debug|Any CPU
		Release|Any CPU = Release|Any CPU
	EndGlobalSection
	GlobalSection(ProjectConfigurationPlatforms) = postSolution
		{C33E1C1B-66D3-4E90-91D8-6F27E3A06730}.Debug|Any CPU.ActiveCfg = Debug|Any CPU
		{C33E1C1B-66D3-4E90-91D8-6F27E3A06730}.Debug|Any CPU.Build.0 = Debug|Any CPU
		{C33E1C1B-66D3-4E90-91D8-6F27E3A06730}.Release|Any CPU.ActiveCfg = Release|Any CPU
		{C33E1C1B-66D3-4E90-91D8-6F27E3A06730}.Release|Any CPU.Build.0 = Release|Any CPU
	EndGlobalSection
	GlobalSection(SolutionProperties) = preSolution
		HideSolutionNode = FALSE
	EndGlobalSection
	GlobalSection(ExtensibilityGlobals) = postSolution
		SolutionGuid = {F9C623CE-BDE8-41DA-BF40-16B5CDB0D77C}
	EndGlobalSection
EndGlobal
